PODS:
  - Flutter (1.0.0)
  - FMDB (2.7.5):
    - FMDB/standard (= 2.7.5)
  - FMDB/standard (2.7.5)
  - geolocator (3.0.0):
    - Flutter
  - google_api_availability (2.0.0):
    - Flutter
  - path_provider (0.0.1):
    - Flutter
  - permission_handler (2.2.0):
    - Flutter
  - shared_preferences (0.0.1):
    - Flutter
  - sqflite (0.0.1):
    - Flutter
    - FMDB (~> 2.7.2)
  - url_launcher (0.0.1):
    - Flutter

DEPENDENCIES:
  - Flutter (from `/Users/rch/Projects/flutter/bin/cache/artifacts/engine/ios-release`)
  - geolocator (from `/Users/rch/.pub-cache/git/flutter-geolocator-5057c178b9d74ff1098c88b53f36b847475c1a01/ios`)
  - google_api_availability (from `/Users/rch/.pub-cache/hosted/pub.dartlang.org/google_api_availability-2.0.0/ios`)
  - path_provider (from `/Users/rch/.pub-cache/hosted/pub.dartlang.org/path_provider-0.4.1/ios`)
  - permission_handler (from `/Users/rch/.pub-cache/hosted/pub.dartlang.org/permission_handler-2.2.0/ios`)
  - shared_preferences (from `/Users/rch/.pub-cache/hosted/pub.dartlang.org/shared_preferences-0.4.3/ios`)
  - sqflite (from `/Users/rch/.pub-cache/hosted/pub.dartlang.org/sqflite-1.1.0/ios`)
  - url_launcher (from `/Users/rch/.pub-cache/hosted/pub.dartlang.org/url_launcher-3.0.3/ios`)

SPEC REPOS:
  https://github.com/cocoapods/specs.git:
    - FMDB

EXTERNAL SOURCES:
  Flutter:
    :path: "/Users/rch/Projects/flutter/bin/cache/artifacts/engine/ios-release"
  geolocator:
    :path: "/Users/rch/.pub-cache/git/flutter-geolocator-5057c178b9d74ff1098c88b53f36b847475c1a01/ios"
  google_api_availability:
    :path: "/Users/rch/.pub-cache/hosted/pub.dartlang.org/google_api_availability-2.0.0/ios"
  path_provider:
    :path: "/Users/rch/.pub-cache/hosted/pub.dartlang.org/path_provider-0.4.1/ios"
  permission_handler:
    :path: "/Users/rch/.pub-cache/hosted/pub.dartlang.org/permission_handler-2.2.0/ios"
  shared_preferences:
    :path: "/Users/rch/.pub-cache/hosted/pub.dartlang.org/shared_preferences-0.4.3/ios"
  sqflite:
    :path: "/Users/rch/.pub-cache/hosted/pub.dartlang.org/sqflite-1.1.0/ios"
  url_launcher:
    :path: "/Users/rch/.pub-cache/hosted/pub.dartlang.org/url_launcher-3.0.3/ios"

SPEC CHECKSUMS:
  Flutter: 9d0fac939486c9aba2809b7982dfdbb47a7b0296
  FMDB: 2ce00b547f966261cd18927a3ddb07cb6f3db82a
  geolocator: 37f8bc488e1afd819454cb2ba142d29ed634eca5
  google_api_availability: 80c105ad2c0ed01c18cf779653da2cb939518192
  path_provider: 09407919825bfe3c2deae39453b7a5b44f467873
  permission_handler: 0b2a5acb642be1ad2406adc31d0cda567b8b01e2
  shared_preferences: 5a1d487c427ee18fcd3ea1f2a131569481834b53
  sqflite: d1612813fa7db7c667bed9f1d1b508deffc56999
  url_launcher: 92b89c1029a0373879933c21642958c874539095

PODFILE CHECKSUM: cc70c01bca487bebd110b87397f017f3b76a89f1

COCOAPODS: 1.5.2
